{
    "_meta": {
        "hash": {
            "sha256": "cf000ecf4ae330b2f928b37e1f386a1f4082332b9d2e658703464ec1973090f2"
        },
        "pipfile-spec": 6,
        "requires": {
            "python_version": "3.8"
        },
        "sources": [
            {
                "name": "pypi",
                "url": "https://pypi.org/simple",
                "verify_ssl": true
            }
        ]
    },
    "default": {
        "coloredlogs": {
            "hashes": [
                "sha256:612ee75c546f53e92e70049c9dbfcc18c935a2b9a53b66085ce9ef6a6e5c0934",
                "sha256:7c991aa71a4577af2f82600d8f8f3a89f936baeaf9b50a9c197da014e5bf16b0"
            ],
            "index": "pypi",
            "version": "==15.0.1"
        },
        "humanfriendly": {
            "hashes": [
                "sha256:1697e1a8a8f550fd43c2865cd84542fc175a61dcb779b6fee18cf6b6ccba1477",
                "sha256:6b0b831ce8f15f7300721aa49829fc4e83921a9a301cc7f606be6686a2288ddc"
            ],
            "markers": "python_version >= '2.7' and python_version not in '3.0, 3.1, 3.2, 3.3, 3.4'",
            "version": "==10.0"
        },
        "mypy": {
            "hashes": [
                "sha256:088cd9c7904b4ad80bec811053272986611b84221835e079be5bcad029e79dd9",
                "sha256:0aadfb2d3935988ec3815952e44058a3100499f5be5b28c34ac9d79f002a4a9a",
                "sha256:119bed3832d961f3a880787bf621634ba042cb8dc850a7429f643508eeac97b9",
                "sha256:1a85e280d4d217150ce8cb1a6dddffd14e753a4e0c3cf90baabb32cefa41b59e",
                "sha256:3c4b8ca36877fc75339253721f69603a9c7fdb5d4d5a95a1a1b899d8b86a4de2",
                "sha256:3e382b29f8e0ccf19a2df2b29a167591245df90c0b5a2542249873b5c1d78212",
                "sha256:42c266ced41b65ed40a282c575705325fa7991af370036d3f134518336636f5b",
                "sha256:53fd2eb27a8ee2892614370896956af2ff61254c275aaee4c230ae771cadd885",
                "sha256:704098302473cb31a218f1775a873b376b30b4c18229421e9e9dc8916fd16150",
                "sha256:7df1ead20c81371ccd6091fa3e2878559b5c4d4caadaf1a484cf88d93ca06703",
                "sha256:866c41f28cee548475f146aa4d39a51cf3b6a84246969f3759cb3e9c742fc072",
                "sha256:a155d80ea6cee511a3694b108c4494a39f42de11ee4e61e72bc424c490e46457",
                "sha256:adaeee09bfde366d2c13fe6093a7df5df83c9a2ba98638c7d76b010694db760e",
                "sha256:b6fb13123aeef4a3abbcfd7e71773ff3ff1526a7d3dc538f3929a49b42be03f0",
                "sha256:b94e4b785e304a04ea0828759172a15add27088520dc7e49ceade7834275bedb",
                "sha256:c0df2d30ed496a08de5daed2a9ea807d07c21ae0ab23acf541ab88c24b26ab97",
                "sha256:c6c2602dffb74867498f86e6129fd52a2770c48b7cd3ece77ada4fa38f94eba8",
                "sha256:ceb6e0a6e27fb364fb3853389607cf7eb3a126ad335790fa1e14ed02fba50811",
                "sha256:d9dd839eb0dc1bbe866a288ba3c1afc33a202015d2ad83b31e875b5905a079b6",
                "sha256:e4dab234478e3bd3ce83bac4193b2ecd9cf94e720ddd95ce69840273bf44f6de",
                "sha256:ec4e0cd079db280b6bdabdc807047ff3e199f334050db5cbb91ba3e959a67504",
                "sha256:ecd2c3fe726758037234c93df7e98deb257fd15c24c9180dacf1ef829da5f921",
                "sha256:ef565033fa5a958e62796867b1df10c40263ea9ded87164d67572834e57a174d"
            ],
            "index": "pypi",
            "version": "==0.910"
        },
        "mypy-extensions": {
            "hashes": [
                "sha256:090fedd75945a69ae91ce1303b5824f428daf5a028d2f6ab8a299250a846f15d",
                "sha256:2d82818f5bb3e369420cb3c4060a7970edba416647068eb4c5343488a6c604a8"
            ],
            "version": "==0.4.3"
        },
        "toml": {
            "hashes": [
                "sha256:806143ae5bfb6a3c6e736a764057db0e6a0e05e338b5630894a5f779cabb4f9b",
                "sha256:b3bda1d108d5dd99f4a20d24d9c348e91c4db7ab1b749200bded2f839ccbe68f"
            ],
            "markers": "python_version >= '2.6' and python_version not in '3.0, 3.1, 3.2, 3.3'",
            "version": "==0.10.2"
        },
        "typing-extensions": {
            "hashes": [
                "sha256:49f75d16ff11f1cd258e1b988ccff82a3ca5570217d7ad8c5f48205dd99a677e",
                "sha256:d8226d10bc02a29bcc81df19a26e56a9647f8b0a6d4a83924139f4a8b01f17b7",
                "sha256:f1d25edafde516b146ecd0613dabcc61409817af4766fbbcfb8d1ad4ec441a34"
            ],
            "version": "==3.10.0.2"
        },
        "websockets": {
            "hashes": [
                "sha256:01db0ecd1a0ca6702d02a5ed40413e18b7d22f94afb3bbe0d323bac86c42c1c8",
                "sha256:085bb8a6e780d30eaa1ba48ac7f3a6707f925edea787cfb761ce5a39e77ac09b",
                "sha256:1ac35426fe3e7d3d0fac3d63c8965c76ed67a8fd713937be072bf0ce22808539",
                "sha256:1f6b814cff6aadc4288297cb3a248614829c6e4ff5556593c44a115e9dd49939",
                "sha256:2a43072e434c041a99f2e1eb9b692df0232a38c37c61d00e9f24db79474329e4",
                "sha256:5b2600e01c7ca6f840c42c747ffbe0254f319594ed108db847eb3d75f4aacb80",
                "sha256:62160772314920397f9d219147f958b33fa27a12c662d4455c9ccbba9a07e474",
                "sha256:706e200fc7f03bed99ad0574cd1ea8b0951477dd18cc978ccb190683c69dba76",
                "sha256:71358c7816e2762f3e4af3adf0040f268e219f5a38cb3487a9d0fc2e554fef6a",
                "sha256:7d2e12e4f901f1bc062dfdf91831712c4106ed18a9a4cdb65e2e5f502124ca37",
                "sha256:7f79f02c7f9a8320aff7d3321cd1c7e3a7dbc15d922ac996cca827301ee75238",
                "sha256:82b17524b1ce6ae7f7dd93e4d18e9b9474071e28b65dbf1dfe9b5767778db379",
                "sha256:82bd921885231f4a30d9bc550552495b3fc36b1235add6d374e7c65c3babd805",
                "sha256:8bbf8660c3f833ddc8b1afab90213f2e672a9ddac6eecb3cde968e6b2807c1c7",
                "sha256:9a4d889162bd48588e80950e07fa5e039eee9deb76a58092e8c3ece96d7ef537",
                "sha256:b4ade7569b6fd17912452f9c3757d96f8e4044016b6d22b3b8391e641ca50456",
                "sha256:b8176deb6be540a46695960a765a77c28ac8b2e3ef2ec95d50a4f5df901edb1c",
                "sha256:c4fc9a1d242317892590abe5b61a9127f1a61740477bfb121743f290b8054002",
                "sha256:c5880442f5fc268f1ef6d37b2c152c114deccca73f48e3a8c48004d2f16f4567",
                "sha256:cd8c6f2ec24aedace251017bc7a414525171d4e6578f914acab9349362def4da",
                "sha256:d67646ddd17a86117ae21c27005d83c1895c0cef5d7be548b7549646372f868a",
                "sha256:e42a1f1e03437b017af341e9bbfdc09252cd48ef32a8c3c3ead769eab3b17368",
                "sha256:eb282127e9c136f860c6068a4fba5756eb25e755baffb5940b6f1eae071928b2",
                "sha256:fe83b3ec9ef34063d86dfe1029160a85f24a5a94271036e5714a57acfdd089a1",
                "sha256:ff59c6bdb87b31f7e2d596f09353d5a38c8c8ff571b0e2238e8ee2d55ad68465"
            ],
            "index": "pypi",
            "version": "==10.0"
        }
    },
    "develop": {}
}
